
Microsoft Visual Studio Solution File, Format Version 12.00
# Visual Studio Version 17
VisualStudioVersion = 17.0.32112.339
MinimumVisualStudioVersion = 10.0.40219.1
Project("{8BC9CEB8-8B4A-11D0-8D11-00A0C91BC942}") = "64", "64.vcxproj", "{75FA73D2-F663-4615-9E88-0FF073D43D67}"
EndProject
Global
	GlobalSection(SolutionConfigurationPlatforms) = preSolution
		Debug|x64 = Debug|x64
		Debug|x86 = Debug|x86
		Release|x64 = Release|x64
		Release|x86 = Release|x86
	EndGlobalSection
	GlobalSection(ProjectConfigurationPlatforms) = postSolution
		{75FA73D2-F663-4615-9E88-0FF073D43D67}.Debug|x64.ActiveCfg = Debug|x64
		{75FA73D2-F663-4615-9E88-0FF073D43D67}.Debug|x64.Build.0 = Debug|x64
		{75FA73D2-F663-4615-9E88-0FF073D43D67}.Debug|x86.ActiveCfg = Debug|Win32
		{75FA73D2-F663-4615-9E88-0FF073D43D67}.Debug|x86.Build.0 = Debug|Win32
		{75FA73D2-F663-4615-9E88-0FF073D43D67}.Release|x64.ActiveCfg = Release|x64
		{75FA73D2-F663-4615-9E88-0FF073D43D67}.Release|x64.Build.0 = Release|x64
		{75FA73D2-F663-4615-9E88-0FF073D43D67}.Release|x86.ActiveCfg = Release|Win32
		{75FA73D2-F663-4615-9E88-0FF073D43D67}.Release|x86.Build.0 = Release|Win32
	EndGlobalSection
	GlobalSection(SolutionProperties) = preSolution
		HideSolutionNode = FALSE
	EndGlobalSection
	GlobalSection(ExtensibilityGlobals) = postSolution
		SolutionGuid = {1B4F6D15-998C-4EB0-9F74-EF6D3FD779BC}
	EndGlobalSection
EndGlobal
